// !$*UTF8*$!
{
	archiveVersion = 1;
	classes = {
	};
	objectVersion = 46;
	objects = {

/* Begin PBXBuildFile section */
		AC070ECE1D6DAB3D00D8AFF6 /* AppDelegate.swift in Sources */ = {isa = PBXBuildFile; fileRef = AC070ECD1D6DAB3D00D8AFF6 /* AppDelegate.swift */; };
		AC070ED01D6DAB3D00D8AFF6 /* ViewController.swift in Sources */ = {isa = PBXBuildFile; fileRef = AC070ECF1D6DAB3D00D8AFF6 /* ViewController.swift */; };
		AC070ED31D6DAB3D00D8AFF6 /* Main.storyboard in Resources */ = {isa = PBXBuildFile; fileRef = AC070ED11D6DAB3D00D8AFF6 /* Main.storyboard */; };
		AC070ED51D6DAB3D00D8AFF6 /* Assets.xcassets in Resources */ = {isa = PBXBuildFile; fileRef = AC070ED41D6DAB3D00D8AFF6 /* Assets.xcassets */; };
		AC070ED81D6DAB3D00D8AFF6 /* LaunchScreen.storyboard in Resources */ = {isa = PBXBuildFile; fileRef = AC070ED61D6DAB3D00D8AFF6 /* LaunchScreen.storyboard */; };
		AC070EE31D6DAB3D00D8AFF6 /* IPNScannerUITests.swift in Sources */ = {isa = PBXBuildFile; fileRef = AC070EE21D6DAB3D00D8AFF6 /* IPNScannerUITests.swift */; };
<<<<<<< HEAD
		AC47DDBF1DD5C09B00532433 /* IPNDynamicButton.swift in Sources */ = {isa = PBXBuildFile; fileRef = AC47DDBE1DD5C09B00532433 /* IPNDynamicButton.swift */; };
		AC56341A1D992D4200CF8B8F /* IPNTextField.swift in Sources */ = {isa = PBXBuildFile; fileRef = AC5634191D992D4200CF8B8F /* IPNTextField.swift */; };
		ACE77BE31D6F056D008C3C7E /* IPNDynamicLabelText.swift in Sources */ = {isa = PBXBuildFile; fileRef = ACE77BE21D6F056D008C3C7E /* IPNDynamicLabelText.swift */; };
		B305BA1C1D9D54F5000316F2 /* IPNColor.swift in Sources */ = {isa = PBXBuildFile; fileRef = B305BA1B1D9D54F5000316F2 /* IPNColor.swift */; };
=======
		B360BBE81DA11B0400A75B55 /* RHColor.swift in Sources */ = {isa = PBXBuildFile; fileRef = B360BBE71DA11B0400A75B55 /* RHColor.swift */; };
		B360BBEA1DA11B9D00A75B55 /* RHTextField.swift in Sources */ = {isa = PBXBuildFile; fileRef = B360BBE91DA11B9D00A75B55 /* RHTextField.swift */; };
		B360BBEC1DA11C2800A75B55 /* RHDynamicLoginText.swift in Sources */ = {isa = PBXBuildFile; fileRef = B360BBEB1DA11C2800A75B55 /* RHDynamicLoginText.swift */; };
>>>>>>> 6c9e7bf6b3ab7cbff639b1367a7aba20828ab4a0
/* End PBXBuildFile section */

/* Begin PBXContainerItemProxy section */
		AC070EDF1D6DAB3D00D8AFF6 /* PBXContainerItemProxy */ = {
			isa = PBXContainerItemProxy;
			containerPortal = AC070EC21D6DAB3D00D8AFF6 /* Project object */;
			proxyType = 1;
			remoteGlobalIDString = AC070EC91D6DAB3D00D8AFF6;
			remoteInfo = IPNScanner;
		};
/* End PBXContainerItemProxy section */

/* Begin PBXFileReference section */
		AC070ECA1D6DAB3D00D8AFF6 /* IPNScanner.app */ = {isa = PBXFileReference; explicitFileType = wrapper.application; includeInIndex = 0; path = IPNScanner.app; sourceTree = BUILT_PRODUCTS_DIR; };
		AC070ECD1D6DAB3D00D8AFF6 /* AppDelegate.swift */ = {isa = PBXFileReference; lastKnownFileType = sourcecode.swift; path = AppDelegate.swift; sourceTree = "<group>"; };
		AC070ECF1D6DAB3D00D8AFF6 /* ViewController.swift */ = {isa = PBXFileReference; lastKnownFileType = sourcecode.swift; path = ViewController.swift; sourceTree = "<group>"; };
		AC070ED21D6DAB3D00D8AFF6 /* Base */ = {isa = PBXFileReference; lastKnownFileType = file.storyboard; name = Base; path = Base.lproj/Main.storyboard; sourceTree = "<group>"; };
		AC070ED41D6DAB3D00D8AFF6 /* Assets.xcassets */ = {isa = PBXFileReference; lastKnownFileType = folder.assetcatalog; path = Assets.xcassets; sourceTree = "<group>"; };
		AC070ED71D6DAB3D00D8AFF6 /* Base */ = {isa = PBXFileReference; lastKnownFileType = file.storyboard; name = Base; path = Base.lproj/LaunchScreen.storyboard; sourceTree = "<group>"; };
		AC070ED91D6DAB3D00D8AFF6 /* Info.plist */ = {isa = PBXFileReference; lastKnownFileType = text.plist.xml; path = Info.plist; sourceTree = "<group>"; };
		AC070EDE1D6DAB3D00D8AFF6 /* IPNScannerUITests.xctest */ = {isa = PBXFileReference; explicitFileType = wrapper.cfbundle; includeInIndex = 0; path = IPNScannerUITests.xctest; sourceTree = BUILT_PRODUCTS_DIR; };
		AC070EE21D6DAB3D00D8AFF6 /* IPNScannerUITests.swift */ = {isa = PBXFileReference; lastKnownFileType = sourcecode.swift; path = IPNScannerUITests.swift; sourceTree = "<group>"; };
		AC070EE41D6DAB3D00D8AFF6 /* Info.plist */ = {isa = PBXFileReference; lastKnownFileType = text.plist.xml; path = Info.plist; sourceTree = "<group>"; };
<<<<<<< HEAD
		AC47DDBE1DD5C09B00532433 /* IPNDynamicButton.swift */ = {isa = PBXFileReference; fileEncoding = 4; lastKnownFileType = sourcecode.swift; path = IPNDynamicButton.swift; sourceTree = "<group>"; };
		AC5634191D992D4200CF8B8F /* IPNTextField.swift */ = {isa = PBXFileReference; fileEncoding = 4; lastKnownFileType = sourcecode.swift; path = IPNTextField.swift; sourceTree = "<group>"; };
		ACE77BE21D6F056D008C3C7E /* IPNDynamicLabelText.swift */ = {isa = PBXFileReference; fileEncoding = 4; lastKnownFileType = sourcecode.swift; path = IPNDynamicLabelText.swift; sourceTree = "<group>"; };
		B305BA1B1D9D54F5000316F2 /* IPNColor.swift */ = {isa = PBXFileReference; fileEncoding = 4; lastKnownFileType = sourcecode.swift; path = IPNColor.swift; sourceTree = "<group>"; };
=======
		B360BBE71DA11B0400A75B55 /* RHColor.swift */ = {isa = PBXFileReference; fileEncoding = 4; lastKnownFileType = sourcecode.swift; path = RHColor.swift; sourceTree = "<group>"; };
		B360BBE91DA11B9D00A75B55 /* RHTextField.swift */ = {isa = PBXFileReference; fileEncoding = 4; lastKnownFileType = sourcecode.swift; path = RHTextField.swift; sourceTree = "<group>"; };
		B360BBEB1DA11C2800A75B55 /* RHDynamicLoginText.swift */ = {isa = PBXFileReference; fileEncoding = 4; lastKnownFileType = sourcecode.swift; path = RHDynamicLoginText.swift; sourceTree = "<group>"; };
>>>>>>> 6c9e7bf6b3ab7cbff639b1367a7aba20828ab4a0
/* End PBXFileReference section */

/* Begin PBXFrameworksBuildPhase section */
		AC070EC71D6DAB3D00D8AFF6 /* Frameworks */ = {
			isa = PBXFrameworksBuildPhase;
			buildActionMask = 2147483647;
			files = (
			);
			runOnlyForDeploymentPostprocessing = 0;
		};
		AC070EDB1D6DAB3D00D8AFF6 /* Frameworks */ = {
			isa = PBXFrameworksBuildPhase;
			buildActionMask = 2147483647;
			files = (
			);
			runOnlyForDeploymentPostprocessing = 0;
		};
/* End PBXFrameworksBuildPhase section */

/* Begin PBXGroup section */
		AC070EC11D6DAB3D00D8AFF6 = {
			isa = PBXGroup;
			children = (
				AC070ECC1D6DAB3D00D8AFF6 /* IPNScanner */,
				AC070EE11D6DAB3D00D8AFF6 /* IPNScannerUITests */,
				AC070ECB1D6DAB3D00D8AFF6 /* Products */,
			);
			sourceTree = "<group>";
		};
		AC070ECB1D6DAB3D00D8AFF6 /* Products */ = {
			isa = PBXGroup;
			children = (
				AC070ECA1D6DAB3D00D8AFF6 /* IPNScanner.app */,
				AC070EDE1D6DAB3D00D8AFF6 /* IPNScannerUITests.xctest */,
			);
			name = Products;
			sourceTree = "<group>";
		};
		AC070ECC1D6DAB3D00D8AFF6 /* IPNScanner */ = {
			isa = PBXGroup;
			children = (
				AC070EED1D6DAB4B00D8AFF6 /* ViewUtil */,
				AC070ECD1D6DAB3D00D8AFF6 /* AppDelegate.swift */,
				AC070ECF1D6DAB3D00D8AFF6 /* ViewController.swift */,
				AC070ED11D6DAB3D00D8AFF6 /* Main.storyboard */,
				AC070ED41D6DAB3D00D8AFF6 /* Assets.xcassets */,
				AC070ED61D6DAB3D00D8AFF6 /* LaunchScreen.storyboard */,
				AC070ED91D6DAB3D00D8AFF6 /* Info.plist */,
			);
			path = IPNScanner;
			sourceTree = "<group>";
		};
		AC070EE11D6DAB3D00D8AFF6 /* IPNScannerUITests */ = {
			isa = PBXGroup;
			children = (
				AC070EE21D6DAB3D00D8AFF6 /* IPNScannerUITests.swift */,
				AC070EE41D6DAB3D00D8AFF6 /* Info.plist */,
			);
			path = IPNScannerUITests;
			sourceTree = "<group>";
		};
		AC070EED1D6DAB4B00D8AFF6 /* ViewUtil */ = {
			isa = PBXGroup;
			children = (
<<<<<<< HEAD
				B305BA1B1D9D54F5000316F2 /* IPNColor.swift */,
				ACE77BE21D6F056D008C3C7E /* IPNDynamicLabelText.swift */,
				AC5634191D992D4200CF8B8F /* IPNTextField.swift */,
				AC47DDBE1DD5C09B00532433 /* IPNDynamicButton.swift */,
=======
				B360BBEB1DA11C2800A75B55 /* RHDynamicLoginText.swift */,
				B360BBE71DA11B0400A75B55 /* RHColor.swift */,
				B360BBE91DA11B9D00A75B55 /* RHTextField.swift */,
>>>>>>> 6c9e7bf6b3ab7cbff639b1367a7aba20828ab4a0
			);
			name = ViewUtil;
			sourceTree = "<group>";
		};
/* End PBXGroup section */

/* Begin PBXNativeTarget section */
		AC070EC91D6DAB3D00D8AFF6 /* IPNScanner */ = {
			isa = PBXNativeTarget;
			buildConfigurationList = AC070EE71D6DAB3D00D8AFF6 /* Build configuration list for PBXNativeTarget "IPNScanner" */;
			buildPhases = (
				AC070EC61D6DAB3D00D8AFF6 /* Sources */,
				AC070EC71D6DAB3D00D8AFF6 /* Frameworks */,
				AC070EC81D6DAB3D00D8AFF6 /* Resources */,
			);
			buildRules = (
			);
			dependencies = (
			);
			name = IPNScanner;
			productName = IPNScanner;
			productReference = AC070ECA1D6DAB3D00D8AFF6 /* IPNScanner.app */;
			productType = "com.apple.product-type.application";
		};
		AC070EDD1D6DAB3D00D8AFF6 /* IPNScannerUITests */ = {
			isa = PBXNativeTarget;
			buildConfigurationList = AC070EEA1D6DAB3D00D8AFF6 /* Build configuration list for PBXNativeTarget "IPNScannerUITests" */;
			buildPhases = (
				AC070EDA1D6DAB3D00D8AFF6 /* Sources */,
				AC070EDB1D6DAB3D00D8AFF6 /* Frameworks */,
				AC070EDC1D6DAB3D00D8AFF6 /* Resources */,
			);
			buildRules = (
			);
			dependencies = (
				AC070EE01D6DAB3D00D8AFF6 /* PBXTargetDependency */,
			);
			name = IPNScannerUITests;
			productName = IPNScannerUITests;
			productReference = AC070EDE1D6DAB3D00D8AFF6 /* IPNScannerUITests.xctest */;
			productType = "com.apple.product-type.bundle.ui-testing";
		};
/* End PBXNativeTarget section */

/* Begin PBXProject section */
		AC070EC21D6DAB3D00D8AFF6 /* Project object */ = {
			isa = PBXProject;
			attributes = {
				LastSwiftUpdateCheck = 0730;
				LastUpgradeCheck = 0810;
				ORGANIZATIONNAME = iPayNow;
				TargetAttributes = {
					AC070EC91D6DAB3D00D8AFF6 = {
						CreatedOnToolsVersion = 7.3.1;
						LastSwiftMigration = 0810;
					};
					AC070EDD1D6DAB3D00D8AFF6 = {
						CreatedOnToolsVersion = 7.3.1;
						LastSwiftMigration = 0810;
						TestTargetID = AC070EC91D6DAB3D00D8AFF6;
					};
				};
			};
			buildConfigurationList = AC070EC51D6DAB3D00D8AFF6 /* Build configuration list for PBXProject "IPNScanner" */;
			compatibilityVersion = "Xcode 3.2";
			developmentRegion = English;
			hasScannedForEncodings = 0;
			knownRegions = (
				en,
				Base,
			);
			mainGroup = AC070EC11D6DAB3D00D8AFF6;
			productRefGroup = AC070ECB1D6DAB3D00D8AFF6 /* Products */;
			projectDirPath = "";
			projectRoot = "";
			targets = (
				AC070EC91D6DAB3D00D8AFF6 /* IPNScanner */,
				AC070EDD1D6DAB3D00D8AFF6 /* IPNScannerUITests */,
			);
		};
/* End PBXProject section */

/* Begin PBXResourcesBuildPhase section */
		AC070EC81D6DAB3D00D8AFF6 /* Resources */ = {
			isa = PBXResourcesBuildPhase;
			buildActionMask = 2147483647;
			files = (
				AC070ED81D6DAB3D00D8AFF6 /* LaunchScreen.storyboard in Resources */,
				AC070ED51D6DAB3D00D8AFF6 /* Assets.xcassets in Resources */,
				AC070ED31D6DAB3D00D8AFF6 /* Main.storyboard in Resources */,
			);
			runOnlyForDeploymentPostprocessing = 0;
		};
		AC070EDC1D6DAB3D00D8AFF6 /* Resources */ = {
			isa = PBXResourcesBuildPhase;
			buildActionMask = 2147483647;
			files = (
			);
			runOnlyForDeploymentPostprocessing = 0;
		};
/* End PBXResourcesBuildPhase section */

/* Begin PBXSourcesBuildPhase section */
		AC070EC61D6DAB3D00D8AFF6 /* Sources */ = {
			isa = PBXSourcesBuildPhase;
			buildActionMask = 2147483647;
			files = (
				AC070ED01D6DAB3D00D8AFF6 /* ViewController.swift in Sources */,
<<<<<<< HEAD
				AC56341A1D992D4200CF8B8F /* IPNTextField.swift in Sources */,
				B305BA1C1D9D54F5000316F2 /* IPNColor.swift in Sources */,
				AC47DDBF1DD5C09B00532433 /* IPNDynamicButton.swift in Sources */,
=======
				B360BBE81DA11B0400A75B55 /* RHColor.swift in Sources */,
				B360BBEC1DA11C2800A75B55 /* RHDynamicLoginText.swift in Sources */,
				B360BBEA1DA11B9D00A75B55 /* RHTextField.swift in Sources */,
>>>>>>> 6c9e7bf6b3ab7cbff639b1367a7aba20828ab4a0
				AC070ECE1D6DAB3D00D8AFF6 /* AppDelegate.swift in Sources */,
			);
			runOnlyForDeploymentPostprocessing = 0;
		};
		AC070EDA1D6DAB3D00D8AFF6 /* Sources */ = {
			isa = PBXSourcesBuildPhase;
			buildActionMask = 2147483647;
			files = (
				AC070EE31D6DAB3D00D8AFF6 /* IPNScannerUITests.swift in Sources */,
			);
			runOnlyForDeploymentPostprocessing = 0;
		};
/* End PBXSourcesBuildPhase section */

/* Begin PBXTargetDependency section */
		AC070EE01D6DAB3D00D8AFF6 /* PBXTargetDependency */ = {
			isa = PBXTargetDependency;
			target = AC070EC91D6DAB3D00D8AFF6 /* IPNScanner */;
			targetProxy = AC070EDF1D6DAB3D00D8AFF6 /* PBXContainerItemProxy */;
		};
/* End PBXTargetDependency section */

/* Begin PBXVariantGroup section */
		AC070ED11D6DAB3D00D8AFF6 /* Main.storyboard */ = {
			isa = PBXVariantGroup;
			children = (
				AC070ED21D6DAB3D00D8AFF6 /* Base */,
			);
			name = Main.storyboard;
			sourceTree = "<group>";
		};
		AC070ED61D6DAB3D00D8AFF6 /* LaunchScreen.storyboard */ = {
			isa = PBXVariantGroup;
			children = (
				AC070ED71D6DAB3D00D8AFF6 /* Base */,
			);
			name = LaunchScreen.storyboard;
			sourceTree = "<group>";
		};
/* End PBXVariantGroup section */

/* Begin XCBuildConfiguration section */
		AC070EE51D6DAB3D00D8AFF6 /* Debug */ = {
			isa = XCBuildConfiguration;
			buildSettings = {
				ALWAYS_SEARCH_USER_PATHS = NO;
				CLANG_ANALYZER_NONNULL = YES;
				CLANG_CXX_LANGUAGE_STANDARD = "gnu++0x";
				CLANG_CXX_LIBRARY = "libc++";
				CLANG_ENABLE_MODULES = YES;
				CLANG_ENABLE_OBJC_ARC = YES;
				CLANG_WARN_BOOL_CONVERSION = YES;
				CLANG_WARN_CONSTANT_CONVERSION = YES;
				CLANG_WARN_DIRECT_OBJC_ISA_USAGE = YES_ERROR;
				CLANG_WARN_EMPTY_BODY = YES;
				CLANG_WARN_ENUM_CONVERSION = YES;
				CLANG_WARN_INFINITE_RECURSION = YES;
				CLANG_WARN_INT_CONVERSION = YES;
				CLANG_WARN_OBJC_ROOT_CLASS = YES_ERROR;
				CLANG_WARN_SUSPICIOUS_MOVE = YES;
				CLANG_WARN_UNREACHABLE_CODE = YES;
				CLANG_WARN__DUPLICATE_METHOD_MATCH = YES;
				"CODE_SIGN_IDENTITY[sdk=iphoneos*]" = "iPhone Developer";
				COPY_PHASE_STRIP = NO;
				DEBUG_INFORMATION_FORMAT = dwarf;
				ENABLE_STRICT_OBJC_MSGSEND = YES;
				ENABLE_TESTABILITY = YES;
				GCC_C_LANGUAGE_STANDARD = gnu99;
				GCC_DYNAMIC_NO_PIC = NO;
				GCC_NO_COMMON_BLOCKS = YES;
				GCC_OPTIMIZATION_LEVEL = 0;
				GCC_PREPROCESSOR_DEFINITIONS = (
					"DEBUG=1",
					"$(inherited)",
				);
				GCC_WARN_64_TO_32_BIT_CONVERSION = YES;
				GCC_WARN_ABOUT_RETURN_TYPE = YES_ERROR;
				GCC_WARN_UNDECLARED_SELECTOR = YES;
				GCC_WARN_UNINITIALIZED_AUTOS = YES_AGGRESSIVE;
				GCC_WARN_UNUSED_FUNCTION = YES;
				GCC_WARN_UNUSED_VARIABLE = YES;
				IPHONEOS_DEPLOYMENT_TARGET = 9.3;
				MTL_ENABLE_DEBUG_INFO = YES;
				ONLY_ACTIVE_ARCH = YES;
				SDKROOT = iphoneos;
				SWIFT_OPTIMIZATION_LEVEL = "-Onone";
			};
			name = Debug;
		};
		AC070EE61D6DAB3D00D8AFF6 /* Release */ = {
			isa = XCBuildConfiguration;
			buildSettings = {
				ALWAYS_SEARCH_USER_PATHS = NO;
				CLANG_ANALYZER_NONNULL = YES;
				CLANG_CXX_LANGUAGE_STANDARD = "gnu++0x";
				CLANG_CXX_LIBRARY = "libc++";
				CLANG_ENABLE_MODULES = YES;
				CLANG_ENABLE_OBJC_ARC = YES;
				CLANG_WARN_BOOL_CONVERSION = YES;
				CLANG_WARN_CONSTANT_CONVERSION = YES;
				CLANG_WARN_DIRECT_OBJC_ISA_USAGE = YES_ERROR;
				CLANG_WARN_EMPTY_BODY = YES;
				CLANG_WARN_ENUM_CONVERSION = YES;
				CLANG_WARN_INFINITE_RECURSION = YES;
				CLANG_WARN_INT_CONVERSION = YES;
				CLANG_WARN_OBJC_ROOT_CLASS = YES_ERROR;
				CLANG_WARN_SUSPICIOUS_MOVE = YES;
				CLANG_WARN_UNREACHABLE_CODE = YES;
				CLANG_WARN__DUPLICATE_METHOD_MATCH = YES;
				"CODE_SIGN_IDENTITY[sdk=iphoneos*]" = "iPhone Developer";
				COPY_PHASE_STRIP = NO;
				DEBUG_INFORMATION_FORMAT = "dwarf-with-dsym";
				ENABLE_NS_ASSERTIONS = NO;
				ENABLE_STRICT_OBJC_MSGSEND = YES;
				GCC_C_LANGUAGE_STANDARD = gnu99;
				GCC_NO_COMMON_BLOCKS = YES;
				GCC_WARN_64_TO_32_BIT_CONVERSION = YES;
				GCC_WARN_ABOUT_RETURN_TYPE = YES_ERROR;
				GCC_WARN_UNDECLARED_SELECTOR = YES;
				GCC_WARN_UNINITIALIZED_AUTOS = YES_AGGRESSIVE;
				GCC_WARN_UNUSED_FUNCTION = YES;
				GCC_WARN_UNUSED_VARIABLE = YES;
				IPHONEOS_DEPLOYMENT_TARGET = 9.3;
				MTL_ENABLE_DEBUG_INFO = NO;
				SDKROOT = iphoneos;
				SWIFT_OPTIMIZATION_LEVEL = "-Owholemodule";
				VALIDATE_PRODUCT = YES;
			};
			name = Release;
		};
		AC070EE81D6DAB3D00D8AFF6 /* Debug */ = {
			isa = XCBuildConfiguration;
			buildSettings = {
				ASSETCATALOG_COMPILER_APPICON_NAME = AppIcon;
				INFOPLIST_FILE = IPNScanner/Info.plist;
				LD_RUNPATH_SEARCH_PATHS = "$(inherited) @executable_path/Frameworks";
				PRODUCT_BUNDLE_IDENTIFIER = cn.ipaynow.IPNScanner;
				PRODUCT_NAME = "$(TARGET_NAME)";
				SWIFT_VERSION = 3.0;
			};
			name = Debug;
		};
		AC070EE91D6DAB3D00D8AFF6 /* Release */ = {
			isa = XCBuildConfiguration;
			buildSettings = {
				ASSETCATALOG_COMPILER_APPICON_NAME = AppIcon;
				INFOPLIST_FILE = IPNScanner/Info.plist;
				LD_RUNPATH_SEARCH_PATHS = "$(inherited) @executable_path/Frameworks";
				PRODUCT_BUNDLE_IDENTIFIER = cn.ipaynow.IPNScanner;
				PRODUCT_NAME = "$(TARGET_NAME)";
				SWIFT_VERSION = 3.0;
			};
			name = Release;
		};
		AC070EEB1D6DAB3D00D8AFF6 /* Debug */ = {
			isa = XCBuildConfiguration;
			buildSettings = {
				INFOPLIST_FILE = IPNScannerUITests/Info.plist;
				LD_RUNPATH_SEARCH_PATHS = "$(inherited) @executable_path/Frameworks @loader_path/Frameworks";
				PRODUCT_BUNDLE_IDENTIFIER = cn.ipaynow.IPNScannerUITests;
				PRODUCT_NAME = "$(TARGET_NAME)";
				SWIFT_VERSION = 3.0;
				TEST_TARGET_NAME = IPNScanner;
			};
			name = Debug;
		};
		AC070EEC1D6DAB3D00D8AFF6 /* Release */ = {
			isa = XCBuildConfiguration;
			buildSettings = {
				INFOPLIST_FILE = IPNScannerUITests/Info.plist;
				LD_RUNPATH_SEARCH_PATHS = "$(inherited) @executable_path/Frameworks @loader_path/Frameworks";
				PRODUCT_BUNDLE_IDENTIFIER = cn.ipaynow.IPNScannerUITests;
				PRODUCT_NAME = "$(TARGET_NAME)";
				SWIFT_VERSION = 3.0;
				TEST_TARGET_NAME = IPNScanner;
			};
			name = Release;
		};
/* End XCBuildConfiguration section */

/* Begin XCConfigurationList section */
		AC070EC51D6DAB3D00D8AFF6 /* Build configuration list for PBXProject "IPNScanner" */ = {
			isa = XCConfigurationList;
			buildConfigurations = (
				AC070EE51D6DAB3D00D8AFF6 /* Debug */,
				AC070EE61D6DAB3D00D8AFF6 /* Release */,
			);
			defaultConfigurationIsVisible = 0;
			defaultConfigurationName = Release;
		};
		AC070EE71D6DAB3D00D8AFF6 /* Build configuration list for PBXNativeTarget "IPNScanner" */ = {
			isa = XCConfigurationList;
			buildConfigurations = (
				AC070EE81D6DAB3D00D8AFF6 /* Debug */,
				AC070EE91D6DAB3D00D8AFF6 /* Release */,
			);
			defaultConfigurationIsVisible = 0;
			defaultConfigurationName = Release;
		};
		AC070EEA1D6DAB3D00D8AFF6 /* Build configuration list for PBXNativeTarget "IPNScannerUITests" */ = {
			isa = XCConfigurationList;
			buildConfigurations = (
				AC070EEB1D6DAB3D00D8AFF6 /* Debug */,
				AC070EEC1D6DAB3D00D8AFF6 /* Release */,
			);
			defaultConfigurationIsVisible = 0;
			defaultConfigurationName = Release;
		};
/* End XCConfigurationList section */
	};
	rootObject = AC070EC21D6DAB3D00D8AFF6 /* Project object */;
}
